PODS:
  - ChainUtils (1.0.0):
    - NetworkUtils (= 1.1.0)
  - FBSDKCoreKit (5.15.0):
    - FBSDKCoreKit/Basics (= 5.15.0)
    - FBSDKCoreKit/Core (= 5.15.0)
  - FBSDKCoreKit/Basics (5.15.0)
  - FBSDKCoreKit/Core (5.15.0):
    - FBSDKCoreKit/Basics
  - GA-SDK-IOS (2.2.18)
  - lottie-ios (3.0.3)
  - NetworkUtils (1.1.0):
    - SwiftPromises (= 1.1.0)
  - PhoneNumberKit (3.0.0):
    - PhoneNumberKit/PhoneNumberKitCore (= 3.0.0)
    - PhoneNumberKit/UIKit (= 3.0.0)
  - PhoneNumberKit/PhoneNumberKitCore (3.0.0)
  - PhoneNumberKit/UIKit (3.0.0):
    - PhoneNumberKit/PhoneNumberKitCore
  - Ryu (2.10.0):
    - ChainUtils (= 1.0.0)
    - FBSDKCoreKit (= 5.15.0)
    - GA-SDK-IOS (= 2.2.18)
    - lottie-ios (= 3.0.3)
    - PhoneNumberKit (= 3.0)
    - Stripe (= 19.0.1)
  - Stripe (19.0.1)
  - SwiftPromises (1.1.0)

DEPENDENCIES:
  - Ryu

SPEC REPOS:
  trunk:
    - ChainUtils
    - FBSDKCoreKit
    - GA-SDK-IOS
    - lottie-ios
    - NetworkUtils
    - PhoneNumberKit
    - Ryu
    - Stripe
    - SwiftPromises

SPEC CHECKSUMS:
  ChainUtils: 3144ba220f0e9b51662f96d3f5c8529d89e2d647
  FBSDKCoreKit: 083ba8c8e37939c0b4c84250654c9be0aef0c2f8
  GA-SDK-IOS: 2fe41f7279f9647d4a76fd4acfe26c67b887375c
  lottie-ios: 06e0b54aab85ba128e332687d7f4ac4861a7a7ae
  NetworkUtils: 98e59b40bcd0cb1c2ecf6f12e66348c2d068b588
  PhoneNumberKit: 86019c972ef6904bcad11b46a6b8a91184d51117
  Ryu: 628d31b68058caab4dc3bc35dc48e4b221bba020
  Stripe: 03313f9520a0786e2c00d9a7a2672c11e08821af
  SwiftPromises: 791aca45ea7a946f5d30163d70fc65a55e96c688

PODFILE CHECKSUM: a087df51443f284adff77f96501ba65cf0f9bbc3

COCOAPODS: 1.9.1
